
Microsoft Visual Studio Solution File, Format Version 12.00
# Visual Studio 2013
VisualStudioVersion = 12.0.31101.0
MinimumVisualStudioVersion = 10.0.40219.1
Project("{FAE04EC0-301F-11D3-BF4B-00C04F79EFBC}") = "TrelloModel", "TrelloModel\TrelloModel.csproj", "{6350A9AC-917B-4A5D-8F81-DC4BEDBBC3D6}"
EndProject
Project("{FAE04EC0-301F-11D3-BF4B-00C04F79EFBC}") = "TrelloModelTests", "TrelloModelTests\TrelloModelTests.csproj", "{C2C68DB3-3470-4E19-B729-B02AD2E3D264}"
EndProject
Project("{FAE04EC0-301F-11D3-BF4B-00C04F79EFBC}") = "TrelloWPF", "TrelloWPF\TrelloWPF.csproj", "{0D7CAD99-AD5E-4D36-A08C-94603304EF4D}"
EndProject
Project("{FAE04EC0-301F-11D3-BF4B-00C04F79EFBC}") = "TrelloWPFTests", "TrelloWPFTests\TrelloWPFTests.csproj", "{A8ADDD84-28E3-418A-8F00-DB9E224CE51A}"
EndProject
Project("{FAE04EC0-301F-11D3-BF4B-00C04F79EFBC}") = "TrelloWebAPI", "TrelloWebAPI\TrelloWebAPI.csproj", "{2EFA665D-A697-4BEC-AFD2-54358E8E81BD}"
EndProject
Project("{FAE04EC0-301F-11D3-BF4B-00C04F79EFBC}") = "TrelloWebAPI.Tests", "TrelloWebAPI.Tests\TrelloWebAPI.Tests.csproj", "{29B3882D-38D8-4942-937F-C88E4580B511}"
EndProject
Global
	GlobalSection(SolutionConfigurationPlatforms) = preSolution
		Debug|Any CPU = Debug|Any CPU
		Release|Any CPU = Release|Any CPU
	EndGlobalSection
	GlobalSection(ProjectConfigurationPlatforms) = postSolution
		{6350A9AC-917B-4A5D-8F81-DC4BEDBBC3D6}.Debug|Any CPU.ActiveCfg = Debug|Any CPU
		{6350A9AC-917B-4A5D-8F81-DC4BEDBBC3D6}.Debug|Any CPU.Build.0 = Debug|Any CPU
		{6350A9AC-917B-4A5D-8F81-DC4BEDBBC3D6}.Release|Any CPU.ActiveCfg = Release|Any CPU
		{6350A9AC-917B-4A5D-8F81-DC4BEDBBC3D6}.Release|Any CPU.Build.0 = Release|Any CPU
		{C2C68DB3-3470-4E19-B729-B02AD2E3D264}.Debug|Any CPU.ActiveCfg = Debug|Any CPU
		{C2C68DB3-3470-4E19-B729-B02AD2E3D264}.Debug|Any CPU.Build.0 = Debug|Any CPU
		{C2C68DB3-3470-4E19-B729-B02AD2E3D264}.Release|Any CPU.ActiveCfg = Release|Any CPU
		{C2C68DB3-3470-4E19-B729-B02AD2E3D264}.Release|Any CPU.Build.0 = Release|Any CPU
		{0D7CAD99-AD5E-4D36-A08C-94603304EF4D}.Debug|Any CPU.ActiveCfg = Debug|Any CPU
		{0D7CAD99-AD5E-4D36-A08C-94603304EF4D}.Debug|Any CPU.Build.0 = Debug|Any CPU
		{0D7CAD99-AD5E-4D36-A08C-94603304EF4D}.Release|Any CPU.ActiveCfg = Release|Any CPU
		{0D7CAD99-AD5E-4D36-A08C-94603304EF4D}.Release|Any CPU.Build.0 = Release|Any CPU
		{A8ADDD84-28E3-418A-8F00-DB9E224CE51A}.Debug|Any CPU.ActiveCfg = Debug|Any CPU
		{A8ADDD84-28E3-418A-8F00-DB9E224CE51A}.Debug|Any CPU.Build.0 = Debug|Any CPU
		{A8ADDD84-28E3-418A-8F00-DB9E224CE51A}.Release|Any CPU.ActiveCfg = Release|Any CPU
		{A8ADDD84-28E3-418A-8F00-DB9E224CE51A}.Release|Any CPU.Build.0 = Release|Any CPU
		{2EFA665D-A697-4BEC-AFD2-54358E8E81BD}.Debug|Any CPU.ActiveCfg = Debug|Any CPU
		{2EFA665D-A697-4BEC-AFD2-54358E8E81BD}.Debug|Any CPU.Build.0 = Debug|Any CPU
		{2EFA665D-A697-4BEC-AFD2-54358E8E81BD}.Release|Any CPU.ActiveCfg = Release|Any CPU
		{2EFA665D-A697-4BEC-AFD2-54358E8E81BD}.Release|Any CPU.Build.0 = Release|Any CPU
		{29B3882D-38D8-4942-937F-C88E4580B511}.Debug|Any CPU.ActiveCfg = Debug|Any CPU
		{29B3882D-38D8-4942-937F-C88E4580B511}.Debug|Any CPU.Build.0 = Debug|Any CPU
		{29B3882D-38D8-4942-937F-C88E4580B511}.Release|Any CPU.ActiveCfg = Release|Any CPU
		{29B3882D-38D8-4942-937F-C88E4580B511}.Release|Any CPU.Build.0 = Release|Any CPU
	EndGlobalSection
	GlobalSection(SolutionProperties) = preSolution
		HideSolutionNode = FALSE
	EndGlobalSection
EndGlobal
